
Microsoft Visual Studio Solution File, Format Version 12.00
# Visual Studio Version 16
VisualStudioVersion = 16.0.30621.155
MinimumVisualStudioVersion = 10.0.40219.1
Project("{FAE04EC0-301F-11D3-BF4B-00C04F79EFBC}") = "Sub2Srt", "Sub2Srt.csproj", "{1B0D6901-BC05-464E-8E93-7602812E7F22}"
EndProject
Global
	GlobalSection(SolutionConfigurationPlatforms) = preSolution
		Debug|Any CPU = Debug|Any CPU
		Release|Any CPU = Release|Any CPU
	EndGlobalSection
	GlobalSection(ProjectConfigurationPlatforms) = postSolution
		{1B0D6901-BC05-464E-8E93-7602812E7F22}.Debug|Any CPU.ActiveCfg = Debug|Any CPU
		{1B0D6901-BC05-464E-8E93-7602812E7F22}.Debug|Any CPU.Build.0 = Debug|Any CPU
		{1B0D6901-BC05-464E-8E93-7602812E7F22}.Release|Any CPU.ActiveCfg = Release|Any CPU
		{1B0D6901-BC05-464E-8E93-7602812E7F22}.Release|Any CPU.Build.0 = Release|Any CPU
	EndGlobalSection
	GlobalSection(SolutionProperties) = preSolution
		HideSolutionNode = FALSE
	EndGlobalSection
	GlobalSection(ExtensibilityGlobals) = postSolution
		SolutionGuid = {8218E298-CC77-4299-9100-FB2E7C4F0632}
	EndGlobalSection
EndGlobal
